github.com/ikawaha/kagome-dict v1.0.9 h1:1Gg735LbBYsdFu13fdTvW6eVt0qIf5+S2qXGJtlG8C0=
github.com/ikawaha/kagome-dict v1.0.9/go.mod h1:mn9itZLkFb6Ixko7q8eZmUabHbg3i9EYewnhOtvd2RM=
github.com/ikawaha/kagome-dict/ipa v1.0.10 h1:wk9I21yg+fKdL6HJB9WgGiyXIiu1VttumJwmIRwn0g8=
github.com/ikawaha/kagome-dict/ipa v1.0.10/go.mod h1:rbaOKrF58zhtpV2+2sVZBj0sUSp9dVKPjr660MehJbs=
github.com/ikawaha/kagome/v2 v2.9.3 h1:j70nGR3YP0o94gFWDi2pGCyrjmMPt2r18P93HTfYXEY=
github.com/ikawaha/kagome/v2 v2.9.3/go.mod h1:OYzxPG9dQSalvznlcLNR8TEKpPwzKhnZszw9LLbf7e8=
github.com/patrickmn/go-cache v2.1.0+incompatible h1:HRMgzkcYKYpi3C8ajMPV8OFXaaRUnok+kx1WdO15EQc=
github.com/patrickmn/go-cache v2.1.0+incompatible/go.mod h1:3Qf8kWWT7OJRJbdiICTKqZju1ZixQ/KpMGzzAfe6+WQ=
github.com/robfig/cron/v3 v3.0.1 h1:WdRxkvbJztn8LMz/QEvLN5sBU+xKpSqwwUO1Pjr4qDs=
github.com/robfig/cron/v3 v3.0.1/go.mod h1:eQICP3HwyT7UooqI/z+Ov+PtYAWygg1TEWWzGIFLtro=
gopkg.in/check.v1 v0.0.0-20161208181325-20d25e280405 h1:yhCVgyC4o1eVCa2tZl7eS0r+SDo693bJlVdllGtEeKM=
gopkg.in/check.v1 v0.0.0-20161208181325-20d25e280405/go.mod h1:Co6ibVJAznAaIkqp8huTwlJQCZ016jof/cbN4VW5Yz0=
gopkg.in/yaml.v2 v2.4.0 h1:D8xgwECY7CYvx+Y2n4sBz93Jn9JRvxdiyyo8CTfuKaY=
gopkg.in/yaml.v2 v2.4.0/go.mod h1:RDklbk79AGWmwhnvt/jBztapEOGDOx6ZbXqjP6csGnQ=
